{
  "originHash" : "bfdccd919119cb049702f2ef879cb7e3269b50510cd3f8fa01ae5f98414bb491",
  "pins" : [
    {
      "identity" : "aiproxyswift",
      "kind" : "remoteSourceControl",
      "location" : "https://github.com/lzell/AIProxySwift.git",
      "state" : {
        "revision" : "ab30cc868c712edb673babc3b72665736f567546",
        "version" : "0.147.0"
      }
    },
    {
      "identity" : "purchases-ios",
      "kind" : "remoteSourceControl",
      "location" : "https://github.com/RevenueCat/purchases-ios.git",
      "state" : {
        "revision" : "abb0d68c3e7ba97b16ab51c38fcaca16b0e358c8",
        "version" : "5.66.0"
      }
    }
  ],
  "version" : 3
}
